
Microsoft Visual Studio Solution File, Format Version 12.00
# Visual Studio 14
VisualStudioVersion = 14.0.23107.0
MinimumVisualStudioVersion = 10.0.40219.1
Project("{FAE04EC0-301F-11D3-BF4B-00C04F79EFBC}") = "Balancing", "Balancing\Balancing.csproj", "{CD4E5007-724C-45A9-8621-2E6C1388B535}"
EndProject
Project("{FAE04EC0-301F-11D3-BF4B-00C04F79EFBC}") = "BalancingTests", "BalancingTests\BalancingTests.csproj", "{43EB7316-38BB-4ED7-9C49-45964EC95B2F}"
EndProject
Global
	GlobalSection(SolutionConfigurationPlatforms) = preSolution
		Debug|Any CPU = Debug|Any CPU
		Release|Any CPU = Release|Any CPU
	EndGlobalSection
	GlobalSection(ProjectConfigurationPlatforms) = postSolution
		{CD4E5007-724C-45A9-8621-2E6C1388B535}.Debug|Any CPU.ActiveCfg = Debug|Any CPU
		{CD4E5007-724C-45A9-8621-2E6C1388B535}.Debug|Any CPU.Build.0 = Debug|Any CPU
		{CD4E5007-724C-45A9-8621-2E6C1388B535}.Release|Any CPU.ActiveCfg = Release|Any CPU
		{CD4E5007-724C-45A9-8621-2E6C1388B535}.Release|Any CPU.Build.0 = Release|Any CPU
		{43EB7316-38BB-4ED7-9C49-45964EC95B2F}.Debug|Any CPU.ActiveCfg = Debug|Any CPU
		{43EB7316-38BB-4ED7-9C49-45964EC95B2F}.Debug|Any CPU.Build.0 = Debug|Any CPU
		{43EB7316-38BB-4ED7-9C49-45964EC95B2F}.Release|Any CPU.ActiveCfg = Release|Any CPU
		{43EB7316-38BB-4ED7-9C49-45964EC95B2F}.Release|Any CPU.Build.0 = Release|Any CPU
	EndGlobalSection
	GlobalSection(SolutionProperties) = preSolution
		HideSolutionNode = FALSE
	EndGlobalSection
EndGlobal
